{
  "version": 4,
  "terraform_version": "1.3.8",
  "serial": 4,
  "lineage": "57a4a4ed-914d-0140-ee00-88a5f73d1810",
  "outputs": {
    "storage_account_id": {
      "value": "/subscriptions/8179b834-b863-417a-b555-197bed4a15e8/resourceGroups/storage_account_resource_group/providers/Microsoft.Storage/storageAccounts/gustavocosta",
      "type": "string"
    }
  },
  "resources": [
    {
      "mode": "managed",
      "type": "azurerm_resource_group",
      "name": "first_resource_group",
      "provider": "provider[\"registry.terraform.io/hashicorp/azurerm\"]",
      "instances": [
        {
          "schema_version": 0,
          "attributes": {
            "id": "/subscriptions/8179b834-b863-417a-b555-197bed4a15e8/resourceGroups/storage_account_resource_group",
            "location": "brazilsouth",
            "name": "storage_account_resource_group",
            "tags": {
              "managed-by": "terraform",
              "owner": "gustavocosta"
            },
            "timeouts": null
          },
          "sensitive_attributes": [],
          "private": "eyJlMmJmYjczMC1lY2FhLTExZTYtOGY4OC0zNDM2M2JjN2M0YzAiOnsiY3JlYXRlIjo1NDAwMDAwMDAwMDAwLCJkZWxldGUiOjU0MDAwMDAwMDAwMDAsInJlYWQiOjMwMDAwMDAwMDAwMCwidXBkYXRlIjo1NDAwMDAwMDAwMDAwfX0="
        }
      ]
    },
    {
      "mode": "managed",
      "type": "azurerm_storage_account",
      "name": "first_storage_account",
      "provider": "provider[\"registry.terraform.io/hashicorp/azurerm\"]",
      "instances": [
        {
          "schema_version": 3,
          "attributes": {
            "access_tier": "Hot",
            "account_kind": "StorageV2",
            "account_replication_type": "LRS",
            "account_tier": "Standard",
            "allow_nested_items_to_be_public": true,
            "allowed_copy_scope": "",
            "azure_files_authentication": [],
            "blob_properties": [
              {
                "change_feed_enabled": false,
                "change_feed_retention_in_days": 0,
                "container_delete_retention_policy": [],
                "cors_rule": [],
                "default_service_version": "",
                "delete_retention_policy": [],
                "last_access_time_enabled": false,
                "restore_policy": [],
                "versioning_enabled": false
              }
            ],
            "cross_tenant_replication_enabled": true,
            "custom_domain": [],
            "customer_managed_key": [],
            "default_to_oauth_authentication": false,
            "edge_zone": "",
            "enable_https_traffic_only": true,
            "id": "/subscriptions/8179b834-b863-417a-b555-197bed4a15e8/resourceGroups/storage_account_resource_group/providers/Microsoft.Storage/storageAccounts/gustavocosta",
            "identity": [],
            "immutability_policy": [],
            "infrastructure_encryption_enabled": false,
            "is_hns_enabled": false,
            "large_file_share_enabled": null,
            "location": "brazilsouth",
            "min_tls_version": "TLS1_2",
            "name": "gustavocosta",
            "network_rules": [
              {
                "bypass": [
                  "AzureServices"
                ],
                "default_action": "Allow",
                "ip_rules": [],
                "private_link_access": [],
                "virtual_network_subnet_ids": []
              }
            ],
            "nfsv3_enabled": false,
            "primary_access_key": "bry0+sVNlDIkmAENh71j6fxURE/9WBplLtIUkDOvZJD6mgQfwknYYzzYCDrwosgWx3uL6SCgZ+JI+AStFbfeWA==",
            "primary_blob_connection_string": "DefaultEndpointsProtocol=https;BlobEndpoint=https://gustavocosta.blob.core.windows.net/;AccountName=gustavocosta;AccountKey=bry0+sVNlDIkmAENh71j6fxURE/9WBplLtIUkDOvZJD6mgQfwknYYzzYCDrwosgWx3uL6SCgZ+JI+AStFbfeWA==",
            "primary_blob_endpoint": "https://gustavocosta.blob.core.windows.net/",
            "primary_blob_host": "gustavocosta.blob.core.windows.net",
            "primary_connection_string": "DefaultEndpointsProtocol=https;AccountName=gustavocosta;AccountKey=bry0+sVNlDIkmAENh71j6fxURE/9WBplLtIUkDOvZJD6mgQfwknYYzzYCDrwosgWx3uL6SCgZ+JI+AStFbfeWA==;EndpointSuffix=core.windows.net",
            "primary_dfs_endpoint": "https://gustavocosta.dfs.core.windows.net/",
            "primary_dfs_host": "gustavocosta.dfs.core.windows.net",
            "primary_file_endpoint": "https://gustavocosta.file.core.windows.net/",
            "primary_file_host": "gustavocosta.file.core.windows.net",
            "primary_location": "brazilsouth",
            "primary_queue_endpoint": "https://gustavocosta.queue.core.windows.net/",
            "primary_queue_host": "gustavocosta.queue.core.windows.net",
            "primary_table_endpoint": "https://gustavocosta.table.core.windows.net/",
            "primary_table_host": "gustavocosta.table.core.windows.net",
            "primary_web_endpoint": "https://gustavocosta.z15.web.core.windows.net/",
            "primary_web_host": "gustavocosta.z15.web.core.windows.net",
            "public_network_access_enabled": true,
            "queue_encryption_key_type": "Service",
            "queue_properties": [
              {
                "cors_rule": [],
                "hour_metrics": [
                  {
                    "enabled": true,
                    "include_apis": true,
                    "retention_policy_days": 7,
                    "version": "1.0"
                  }
                ],
                "logging": [
                  {
                    "delete": false,
                    "read": false,
                    "retention_policy_days": 0,
                    "version": "1.0",
                    "write": false
                  }
                ],
                "minute_metrics": [
                  {
                    "enabled": false,
                    "include_apis": false,
                    "retention_policy_days": 0,
                    "version": "1.0"
                  }
                ]
              }
            ],
            "resource_group_name": "storage_account_resource_group",
            "routing": [],
            "sas_policy": [],
            "secondary_access_key": "GJKTem+RUuKqrE4YeJvonb4/DiYHtEHc5unbMr+unUMXz1tzuHMErpHAaaVlHpSK12nek7heVpcR+AStb94AiA==",
            "secondary_blob_connection_string": "",
            "secondary_blob_endpoint": null,
            "secondary_blob_host": null,
            "secondary_connection_string": "DefaultEndpointsProtocol=https;AccountName=gustavocosta;AccountKey=GJKTem+RUuKqrE4YeJvonb4/DiYHtEHc5unbMr+unUMXz1tzuHMErpHAaaVlHpSK12nek7heVpcR+AStb94AiA==;EndpointSuffix=core.windows.net",
            "secondary_dfs_endpoint": null,
            "secondary_dfs_host": null,
            "secondary_file_endpoint": null,
            "secondary_file_host": null,
            "secondary_location": "",
            "secondary_queue_endpoint": null,
            "secondary_queue_host": null,
            "secondary_table_endpoint": null,
            "secondary_table_host": null,
            "secondary_web_endpoint": null,
            "secondary_web_host": null,
            "sftp_enabled": false,
            "share_properties": [
              {
                "cors_rule": [],
                "retention_policy": [
                  {
                    "days": 7
                  }
                ],
                "smb": []
              }
            ],
            "shared_access_key_enabled": true,
            "static_website": [],
            "table_encryption_key_type": "Service",
            "tags": {
              "managed-by": "terraform",
              "owner": "gustavocosta"
            },
            "timeouts": null
          },
          "sensitive_attributes": [
            [
              {
                "type": "get_attr",
                "value": "account_replication_type"
              }
            ]
          ],
          "private": "eyJlMmJmYjczMC1lY2FhLTExZTYtOGY4OC0zNDM2M2JjN2M0YzAiOnsiY3JlYXRlIjozNjAwMDAwMDAwMDAwLCJkZWxldGUiOjM2MDAwMDAwMDAwMDAsInJlYWQiOjMwMDAwMDAwMDAwMCwidXBkYXRlIjozNjAwMDAwMDAwMDAwfSwic2NoZW1hX3ZlcnNpb24iOiIzIn0=",
          "dependencies": [
            "azurerm_resource_group.first_resource_group"
          ]
        }
      ]
    },
    {
      "mode": "managed",
      "type": "azurerm_storage_container",
      "name": "first_storage_container",
      "provider": "provider[\"registry.terraform.io/hashicorp/azurerm\"]",
      "instances": [
        {
          "schema_version": 1,
          "attributes": {
            "container_access_type": "private",
            "has_immutability_policy": false,
            "has_legal_hold": false,
            "id": "https://gustavocosta.blob.core.windows.net/imagens",
            "metadata": {},
            "name": "imagens",
            "resource_manager_id": "/subscriptions/8179b834-b863-417a-b555-197bed4a15e8/resourceGroups/storage_account_resource_group/providers/Microsoft.Storage/storageAccounts/gustavocosta/blobServices/default/containers/imagens",
            "storage_account_name": "gustavocosta",
            "timeouts": null
          },
          "sensitive_attributes": [],
          "private": "eyJlMmJmYjczMC1lY2FhLTExZTYtOGY4OC0zNDM2M2JjN2M0YzAiOnsiY3JlYXRlIjoxODAwMDAwMDAwMDAwLCJkZWxldGUiOjE4MDAwMDAwMDAwMDAsInJlYWQiOjMwMDAwMDAwMDAwMCwidXBkYXRlIjoxODAwMDAwMDAwMDAwfSwic2NoZW1hX3ZlcnNpb24iOiIxIn0=",
          "dependencies": [
            "azurerm_resource_group.first_resource_group",
            "azurerm_storage_account.first_storage_account"
          ]
        }
      ]
    }
  ],
  "check_results": null
}
